
Microsoft Visual Studio Solution File, Format Version 12.00
# Visual Studio Version 17
VisualStudioVersion = 17.10.34928.147
MinimumVisualStudioVersion = 10.0.40219.1
Project("{FAE04EC0-301F-11D3-BF4B-00C04F79EFBC}") = "Task 1.2", "Task 1.2\Task 1.2.csproj", "{17538DB1-5B77-440B-8C63-20A9EB50D6FB}"
EndProject
Global
	GlobalSection(SolutionConfigurationPlatforms) = preSolution
		Debug|Any CPU = Debug|Any CPU
		Release|Any CPU = Release|Any CPU
	EndGlobalSection
	GlobalSection(ProjectConfigurationPlatforms) = postSolution
		{17538DB1-5B77-440B-8C63-20A9EB50D6FB}.Debug|Any CPU.ActiveCfg = Debug|Any CPU
		{17538DB1-5B77-440B-8C63-20A9EB50D6FB}.Debug|Any CPU.Build.0 = Debug|Any CPU
		{17538DB1-5B77-440B-8C63-20A9EB50D6FB}.Release|Any CPU.ActiveCfg = Release|Any CPU
		{17538DB1-5B77-440B-8C63-20A9EB50D6FB}.Release|Any CPU.Build.0 = Release|Any CPU
	EndGlobalSection
	GlobalSection(SolutionProperties) = preSolution
		HideSolutionNode = FALSE
	EndGlobalSection
	GlobalSection(ExtensibilityGlobals) = postSolution
		SolutionGuid = {D18CA479-8A63-4E1B-BF51-4342E5B0EAB4}
	EndGlobalSection
EndGlobal
